{
  "version": 4,
  "terraform_version": "1.7.4",
  "serial": 3,
  "lineage": "b664f248-53a4-5f6b-0d49-08c43cc980ee",
  "outputs": {},
  "resources": [
    {
      "mode": "managed",
      "type": "aws_vpc",
      "name": "vpc_ohio",
      "provider": "provider[\"registry.terraform.io/hashicorp/aws\"].ohio",
      "instances": [
        {
          "schema_version": 1,
          "attributes": {
            "arn": "arn:aws:ec2:us-east-2:637423595802:vpc/vpc-0ac7c18913697739b",
            "assign_generated_ipv6_cidr_block": false,
            "cidr_block": "10.20.0.0/16",
            "default_network_acl_id": "acl-09a556165e068cc82",
            "default_route_table_id": "rtb-070c24d2488c48593",
            "default_security_group_id": "sg-0072ba24d11ad95dd",
            "dhcp_options_id": "dopt-05231e5265d9e2158",
            "enable_classiclink": false,
            "enable_classiclink_dns_support": false,
            "enable_dns_hostnames": false,
            "enable_dns_support": true,
            "enable_network_address_usage_metrics": false,
            "id": "vpc-0ac7c18913697739b",
            "instance_tenancy": "default",
            "ipv4_ipam_pool_id": null,
            "ipv4_netmask_length": null,
            "ipv6_association_id": "",
            "ipv6_cidr_block": "",
            "ipv6_cidr_block_network_border_group": "",
            "ipv6_ipam_pool_id": "",
            "ipv6_netmask_length": 0,
            "main_route_table_id": "rtb-070c24d2488c48593",
            "owner_id": "637423595802",
            "tags": {
              "Name": "VPC_OHIO",
              "env": "Dev",
              "name": "prueba"
            },
            "tags_all": {
              "Name": "VPC_OHIO",
              "env": "Dev",
              "name": "prueba"
            }
          },
          "sensitive_attributes": [],
          "private": "eyJzY2hlbWFfdmVyc2lvbiI6IjEifQ=="
        }
      ]
    },
    {
      "mode": "managed",
      "type": "aws_vpc",
      "name": "vpc_virginia",
      "provider": "provider[\"registry.terraform.io/hashicorp/aws\"]",
      "instances": [
        {
          "schema_version": 1,
          "attributes": {
            "arn": "arn:aws:ec2:us-east-1:637423595802:vpc/vpc-00ff34ed7929a8cce",
            "assign_generated_ipv6_cidr_block": false,
            "cidr_block": "10.10.0.0/16",
            "default_network_acl_id": "acl-075bd3c1d60051155",
            "default_route_table_id": "rtb-0dae6d63b2aafb1cc",
            "default_security_group_id": "sg-08d673202b95b8f2e",
            "dhcp_options_id": "dopt-019fa39706f333383",
            "enable_classiclink": false,
            "enable_classiclink_dns_support": false,
            "enable_dns_hostnames": false,
            "enable_dns_support": true,
            "enable_network_address_usage_metrics": false,
            "id": "vpc-00ff34ed7929a8cce",
            "instance_tenancy": "default",
            "ipv4_ipam_pool_id": null,
            "ipv4_netmask_length": null,
            "ipv6_association_id": "",
            "ipv6_cidr_block": "",
            "ipv6_cidr_block_network_border_group": "",
            "ipv6_ipam_pool_id": "",
            "ipv6_netmask_length": 0,
            "main_route_table_id": "rtb-0dae6d63b2aafb1cc",
            "owner_id": "637423595802",
            "tags": {
              "Name": "VPC_VIRGINIA",
              "env": "Dev",
              "name": "prueba"
            },
            "tags_all": {
              "Name": "VPC_VIRGINIA",
              "env": "Dev",
              "name": "prueba"
            }
          },
          "sensitive_attributes": [],
          "private": "eyJzY2hlbWFfdmVyc2lvbiI6IjEifQ=="
        }
      ]
    }
  ],
  "check_results": null
}
